
Microsoft Visual Studio Solution File, Format Version 12.00
# Visual Studio Version 17
VisualStudioVersion = 17.4.33403.182
MinimumVisualStudioVersion = 10.0.40219.1
Project("{FAE04EC0-301F-11D3-BF4B-00C04F79EFBC}") = "elm_10_web_api_githubra", "elm_10_web_api_githubra\elm_10_web_api_githubra.csproj", "{D65FE845-5078-431F-BD2C-2F25990D2434}"
EndProject
Global
	GlobalSection(SolutionConfigurationPlatforms) = preSolution
		Debug|Any CPU = Debug|Any CPU
		Release|Any CPU = Release|Any CPU
	EndGlobalSection
	GlobalSection(ProjectConfigurationPlatforms) = postSolution
		{D65FE845-5078-431F-BD2C-2F25990D2434}.Debug|Any CPU.ActiveCfg = Debug|Any CPU
		{D65FE845-5078-431F-BD2C-2F25990D2434}.Debug|Any CPU.Build.0 = Debug|Any CPU
		{D65FE845-5078-431F-BD2C-2F25990D2434}.Release|Any CPU.ActiveCfg = Release|Any CPU
		{D65FE845-5078-431F-BD2C-2F25990D2434}.Release|Any CPU.Build.0 = Release|Any CPU
	EndGlobalSection
	GlobalSection(SolutionProperties) = preSolution
		HideSolutionNode = FALSE
	EndGlobalSection
	GlobalSection(ExtensibilityGlobals) = postSolution
		SolutionGuid = {3577426D-C2D7-4201-8FBB-E1119F4929E9}
	EndGlobalSection
EndGlobal
